
Microsoft Visual Studio Solution File, Format Version 12.00
# Visual Studio Express 2012 for Windows Desktop
Project("{F184B08F-C81C-45F6-A57F-5ABD9991F28F}") = "CWcheat Database Editor", "CWcheat Database Editor.vbproj", "{202D3F54-B339-4919-A6FE-4995BE78F0AF}"
EndProject
Global
	GlobalSection(SolutionConfigurationPlatforms) = preSolution
		Debug|X86 = Debug|X86
		Release|X86 = Release|X86
	EndGlobalSection
	GlobalSection(ProjectConfigurationPlatforms) = postSolution
		{202D3F54-B339-4919-A6FE-4995BE78F0AF}.Debug|X86.ActiveCfg = Debug|Any CPU
		{202D3F54-B339-4919-A6FE-4995BE78F0AF}.Debug|X86.Build.0 = Debug|Any CPU
		{202D3F54-B339-4919-A6FE-4995BE78F0AF}.Release|X86.ActiveCfg = Release|Any CPU
		{202D3F54-B339-4919-A6FE-4995BE78F0AF}.Release|X86.Build.0 = Release|Any CPU
	EndGlobalSection
	GlobalSection(SolutionProperties) = preSolution
		HideSolutionNode = FALSE
	EndGlobalSection
EndGlobal
